
Microsoft Visual Studio Solution File, Format Version 12.00
# Visual Studio Version 17
VisualStudioVersion = 17.6.33712.159
MinimumVisualStudioVersion = 10.0.40219.1
Project("{2150E333-8FDC-42A3-9474-1A3956D46DE8}") = "Services", "Services", "{D884A505-7362-40FF-A0BD-B0CAF69FA700}"
EndProject
Project("{2150E333-8FDC-42A3-9474-1A3956D46DE8}") = "Identity", "Identity", "{157FE4E2-114B-4E29-BD84-56953A6EF448}"
EndProject
Project("{FAE04EC0-301F-11D3-BF4B-00C04F79EFBC}") = "Identity.API2", "Services\Identity\Identity.API2\Identity.API2.csproj", "{BE3BD6D5-5271-4CFE-A23A-79F4B9F18D85}"
EndProject
Project("{2150E333-8FDC-42A3-9474-1A3956D46DE8}") = "ApiGateways", "ApiGateways", "{F5A67FA4-914D-4989-8D7B-C640AD38769A}"
EndProject
Project("{2150E333-8FDC-42A3-9474-1A3956D46DE8}") = "Common", "Common", "{D0820EFF-4305-41DE-8753-9E3D1D855F3C}"
EndProject
Project("{FAE04EC0-301F-11D3-BF4B-00C04F79EFBC}") = "Web.ApiGateway", "ApiGateways\Web.ApiGateway\Web.ApiGateway.csproj", "{66CB6487-7386-47A0-A7CE-29F67488A902}"
EndProject
Project("{2150E333-8FDC-42A3-9474-1A3956D46DE8}") = "WebApps", "WebApps", "{8B6197A9-0351-4F6B-861C-698C48359816}"
EndProject
Project("{FAE04EC0-301F-11D3-BF4B-00C04F79EFBC}") = "Web", "WebApps\Web\Web.csproj", "{7C2922F3-0D5F-4C51-BF68-ED3624FA4E6F}"
EndProject
Project("{FAE04EC0-301F-11D3-BF4B-00C04F79EFBC}") = "docker-compose", "docker-compose.dcproj", "{FEA0C318-FFED-4D39-8781-265718CA43DD}"
EndProject
Project("{2150E333-8FDC-42A3-9474-1A3956D46DE8}") = "Solution Items", "Solution Items", "{9CAC66F5-B4CD-414D-B8E8-1C3A763277AE}"
	ProjectSection(SolutionItems) = preProject
		.env = .env
	EndProjectSection
EndProject
Project("{2150E333-8FDC-42A3-9474-1A3956D46DE8}") = "Statistics", "Statistics", "{8DCB04BA-60C9-485F-9840-06CD03D88248}"
EndProject
Project("{FAE04EC0-301F-11D3-BF4B-00C04F79EFBC}") = "Statistics.API", "Services\Statistics\Statistics.API\Statistics.API.csproj", "{B7150F44-766F-4A21-9063-F4F1505ACFC6}"
EndProject
Project("{FAE04EC0-301F-11D3-BF4B-00C04F79EFBC}") = "CommonExtensions", "Common\CommonExtensions\CommonExtensions.csproj", "{3F45DD88-94A7-4249-94F6-8CF504609E93}"
EndProject
Project("{FAE04EC0-301F-11D3-BF4B-00C04F79EFBC}") = "Identity.API", "Services\Identity\Identity.API\Identity.API.csproj", "{D17806AE-E223-4461-9050-7A303CBEAE37}"
EndProject
Project("{FAE04EC0-301F-11D3-BF4B-00C04F79EFBC}") = "ServiceDefaults", "Common\ServiceDefaults\ServiceDefaults.csproj", "{DF20F3DE-FBEC-4A0F-BD42-A9FE95169600}"
EndProject
Project("{FAE04EC0-301F-11D3-BF4B-00C04F79EFBC}") = "Statistics.Business", "Services\Statistics\Statistics.Business\Statistics.Business.csproj", "{056D53BE-5076-4E4B-99F7-264DB32A430A}"
EndProject
Project("{FAE04EC0-301F-11D3-BF4B-00C04F79EFBC}") = "Statistics.DataExtractor", "Services\Statistics\Statistics.DataExtractor\Statistics.DataExtractor.csproj", "{309D06D5-F284-4044-9811-34469C449CD3}"
EndProject
Project("{2150E333-8FDC-42A3-9474-1A3956D46DE8}") = "Heroes", "Heroes", "{CB07A142-3894-4675-9ECD-8AAD62A0EF5C}"
EndProject
Project("{FAE04EC0-301F-11D3-BF4B-00C04F79EFBC}") = "Heroes.API", "Services\Heroes.API\Heroes.API.csproj", "{70CA51F7-803D-4CA5-BD65-D4FE76E85438}"
EndProject
Project("{FAE04EC0-301F-11D3-BF4B-00C04F79EFBC}") = "Heroes.Business", "Services\Heroes.Business\Heroes.Business.csproj", "{4E35DF57-8BA3-44A6-A3DC-F212D7A4D5BC}"
EndProject
Project("{FAE04EC0-301F-11D3-BF4B-00C04F79EFBC}") = "CommonSources", "Common\CommonSources\CommonSources.csproj", "{6A9BD6D1-5E39-458F-8228-ED900F50BCE2}"
EndProject
Project("{2150E333-8FDC-42A3-9474-1A3956D46DE8}") = "PatchChecker", "PatchChecker", "{8B252842-8067-46E3-9DE7-C4A8B9ADA38A}"
EndProject
Project("{2150E333-8FDC-42A3-9474-1A3956D46DE8}") = "Items", "Items", "{CB54D7C0-6B75-4366-86D0-22DB1F62C694}"
EndProject
Project("{FAE04EC0-301F-11D3-BF4B-00C04F79EFBC}") = "Items.API", "Services\Items.API\Items.API.csproj", "{35D26792-46A8-4911-B4A8-3E6AE7C0FEFB}"
EndProject
Project("{FAE04EC0-301F-11D3-BF4B-00C04F79EFBC}") = "Items.Business", "Services\Items.Business\Items.Business.csproj", "{55C41007-6322-486E-887B-87F40E1912B8}"
EndProject
Project("{FAE04EC0-301F-11D3-BF4B-00C04F79EFBC}") = "Patch.API", "Services\PatchChecker\Patch.API\Patch.API.csproj", "{5E7CF1B8-7655-4E93-8155-BDDA19CCE095}"
EndProject
Project("{FAE04EC0-301F-11D3-BF4B-00C04F79EFBC}") = "Patch.Business", "Services\PatchChecker\Patch.Business\Patch.Business.csproj", "{350AD97F-31AC-4E05-BF46-323436D114EA}"
EndProject
Project("{FAE04EC0-301F-11D3-BF4B-00C04F79EFBC}") = "Patch.Observer", "Services\PatchChecker\Patch.Observer\Patch.Observer.csproj", "{9945A88E-D8D1-4519-90A7-9C2C8E934349}"
EndProject
Project("{FAE04EC0-301F-11D3-BF4B-00C04F79EFBC}") = "Patch.Data", "Services\PatchChecker\Patch.Data\Patch.Data.csproj", "{15017F6F-5205-446C-BA09-5CAB2C499393}"
EndProject
Global
	GlobalSection(SolutionConfigurationPlatforms) = preSolution
		Debug|Any CPU = Debug|Any CPU
		Release|Any CPU = Release|Any CPU
	EndGlobalSection
	GlobalSection(ProjectConfigurationPlatforms) = postSolution
		{BE3BD6D5-5271-4CFE-A23A-79F4B9F18D85}.Debug|Any CPU.ActiveCfg = Debug|Any CPU
		{BE3BD6D5-5271-4CFE-A23A-79F4B9F18D85}.Debug|Any CPU.Build.0 = Debug|Any CPU
		{BE3BD6D5-5271-4CFE-A23A-79F4B9F18D85}.Release|Any CPU.ActiveCfg = Release|Any CPU
		{BE3BD6D5-5271-4CFE-A23A-79F4B9F18D85}.Release|Any CPU.Build.0 = Release|Any CPU
		{66CB6487-7386-47A0-A7CE-29F67488A902}.Debug|Any CPU.ActiveCfg = Debug|Any CPU
		{66CB6487-7386-47A0-A7CE-29F67488A902}.Debug|Any CPU.Build.0 = Debug|Any CPU
		{66CB6487-7386-47A0-A7CE-29F67488A902}.Release|Any CPU.ActiveCfg = Release|Any CPU
		{66CB6487-7386-47A0-A7CE-29F67488A902}.Release|Any CPU.Build.0 = Release|Any CPU
		{7C2922F3-0D5F-4C51-BF68-ED3624FA4E6F}.Debug|Any CPU.ActiveCfg = Debug|Any CPU
		{7C2922F3-0D5F-4C51-BF68-ED3624FA4E6F}.Release|Any CPU.ActiveCfg = Release|Any CPU
		{7C2922F3-0D5F-4C51-BF68-ED3624FA4E6F}.Release|Any CPU.Build.0 = Release|Any CPU
		{FEA0C318-FFED-4D39-8781-265718CA43DD}.Debug|Any CPU.ActiveCfg = Debug|Any CPU
		{FEA0C318-FFED-4D39-8781-265718CA43DD}.Debug|Any CPU.Build.0 = Debug|Any CPU
		{FEA0C318-FFED-4D39-8781-265718CA43DD}.Release|Any CPU.ActiveCfg = Debug|Any CPU
		{FEA0C318-FFED-4D39-8781-265718CA43DD}.Release|Any CPU.Build.0 = Debug|Any CPU
		{B7150F44-766F-4A21-9063-F4F1505ACFC6}.Debug|Any CPU.ActiveCfg = Debug|Any CPU
		{B7150F44-766F-4A21-9063-F4F1505ACFC6}.Debug|Any CPU.Build.0 = Debug|Any CPU
		{B7150F44-766F-4A21-9063-F4F1505ACFC6}.Release|Any CPU.ActiveCfg = Release|Any CPU
		{B7150F44-766F-4A21-9063-F4F1505ACFC6}.Release|Any CPU.Build.0 = Release|Any CPU
		{3F45DD88-94A7-4249-94F6-8CF504609E93}.Debug|Any CPU.ActiveCfg = Debug|Any CPU
		{3F45DD88-94A7-4249-94F6-8CF504609E93}.Debug|Any CPU.Build.0 = Debug|Any CPU
		{3F45DD88-94A7-4249-94F6-8CF504609E93}.Release|Any CPU.ActiveCfg = Release|Any CPU
		{3F45DD88-94A7-4249-94F6-8CF504609E93}.Release|Any CPU.Build.0 = Release|Any CPU
		{D17806AE-E223-4461-9050-7A303CBEAE37}.Debug|Any CPU.ActiveCfg = Debug|Any CPU
		{D17806AE-E223-4461-9050-7A303CBEAE37}.Debug|Any CPU.Build.0 = Debug|Any CPU
		{D17806AE-E223-4461-9050-7A303CBEAE37}.Release|Any CPU.ActiveCfg = Release|Any CPU
		{D17806AE-E223-4461-9050-7A303CBEAE37}.Release|Any CPU.Build.0 = Release|Any CPU
		{DF20F3DE-FBEC-4A0F-BD42-A9FE95169600}.Debug|Any CPU.ActiveCfg = Debug|Any CPU
		{DF20F3DE-FBEC-4A0F-BD42-A9FE95169600}.Debug|Any CPU.Build.0 = Debug|Any CPU
		{DF20F3DE-FBEC-4A0F-BD42-A9FE95169600}.Release|Any CPU.ActiveCfg = Release|Any CPU
		{DF20F3DE-FBEC-4A0F-BD42-A9FE95169600}.Release|Any CPU.Build.0 = Release|Any CPU
		{056D53BE-5076-4E4B-99F7-264DB32A430A}.Debug|Any CPU.ActiveCfg = Debug|Any CPU
		{056D53BE-5076-4E4B-99F7-264DB32A430A}.Debug|Any CPU.Build.0 = Debug|Any CPU
		{056D53BE-5076-4E4B-99F7-264DB32A430A}.Release|Any CPU.ActiveCfg = Release|Any CPU
		{056D53BE-5076-4E4B-99F7-264DB32A430A}.Release|Any CPU.Build.0 = Release|Any CPU
		{309D06D5-F284-4044-9811-34469C449CD3}.Debug|Any CPU.ActiveCfg = Debug|Any CPU
		{309D06D5-F284-4044-9811-34469C449CD3}.Debug|Any CPU.Build.0 = Debug|Any CPU
		{309D06D5-F284-4044-9811-34469C449CD3}.Release|Any CPU.ActiveCfg = Release|Any CPU
		{309D06D5-F284-4044-9811-34469C449CD3}.Release|Any CPU.Build.0 = Release|Any CPU
		{70CA51F7-803D-4CA5-BD65-D4FE76E85438}.Debug|Any CPU.ActiveCfg = Debug|Any CPU
		{70CA51F7-803D-4CA5-BD65-D4FE76E85438}.Debug|Any CPU.Build.0 = Debug|Any CPU
		{70CA51F7-803D-4CA5-BD65-D4FE76E85438}.Release|Any CPU.ActiveCfg = Release|Any CPU
		{70CA51F7-803D-4CA5-BD65-D4FE76E85438}.Release|Any CPU.Build.0 = Release|Any CPU
		{4E35DF57-8BA3-44A6-A3DC-F212D7A4D5BC}.Debug|Any CPU.ActiveCfg = Debug|Any CPU
		{4E35DF57-8BA3-44A6-A3DC-F212D7A4D5BC}.Debug|Any CPU.Build.0 = Debug|Any CPU
		{4E35DF57-8BA3-44A6-A3DC-F212D7A4D5BC}.Release|Any CPU.ActiveCfg = Release|Any CPU
		{4E35DF57-8BA3-44A6-A3DC-F212D7A4D5BC}.Release|Any CPU.Build.0 = Release|Any CPU
		{6A9BD6D1-5E39-458F-8228-ED900F50BCE2}.Debug|Any CPU.ActiveCfg = Debug|Any CPU
		{6A9BD6D1-5E39-458F-8228-ED900F50BCE2}.Debug|Any CPU.Build.0 = Debug|Any CPU
		{6A9BD6D1-5E39-458F-8228-ED900F50BCE2}.Release|Any CPU.ActiveCfg = Release|Any CPU
		{6A9BD6D1-5E39-458F-8228-ED900F50BCE2}.Release|Any CPU.Build.0 = Release|Any CPU
		{35D26792-46A8-4911-B4A8-3E6AE7C0FEFB}.Debug|Any CPU.ActiveCfg = Debug|Any CPU
		{35D26792-46A8-4911-B4A8-3E6AE7C0FEFB}.Debug|Any CPU.Build.0 = Debug|Any CPU
		{35D26792-46A8-4911-B4A8-3E6AE7C0FEFB}.Release|Any CPU.ActiveCfg = Release|Any CPU
		{35D26792-46A8-4911-B4A8-3E6AE7C0FEFB}.Release|Any CPU.Build.0 = Release|Any CPU
		{55C41007-6322-486E-887B-87F40E1912B8}.Debug|Any CPU.ActiveCfg = Debug|Any CPU
		{55C41007-6322-486E-887B-87F40E1912B8}.Debug|Any CPU.Build.0 = Debug|Any CPU
		{55C41007-6322-486E-887B-87F40E1912B8}.Release|Any CPU.ActiveCfg = Release|Any CPU
		{55C41007-6322-486E-887B-87F40E1912B8}.Release|Any CPU.Build.0 = Release|Any CPU
		{5E7CF1B8-7655-4E93-8155-BDDA19CCE095}.Debug|Any CPU.ActiveCfg = Debug|Any CPU
		{5E7CF1B8-7655-4E93-8155-BDDA19CCE095}.Debug|Any CPU.Build.0 = Debug|Any CPU
		{5E7CF1B8-7655-4E93-8155-BDDA19CCE095}.Release|Any CPU.ActiveCfg = Release|Any CPU
		{5E7CF1B8-7655-4E93-8155-BDDA19CCE095}.Release|Any CPU.Build.0 = Release|Any CPU
		{350AD97F-31AC-4E05-BF46-323436D114EA}.Debug|Any CPU.ActiveCfg = Debug|Any CPU
		{350AD97F-31AC-4E05-BF46-323436D114EA}.Debug|Any CPU.Build.0 = Debug|Any CPU
		{350AD97F-31AC-4E05-BF46-323436D114EA}.Release|Any CPU.ActiveCfg = Release|Any CPU
		{350AD97F-31AC-4E05-BF46-323436D114EA}.Release|Any CPU.Build.0 = Release|Any CPU
		{9945A88E-D8D1-4519-90A7-9C2C8E934349}.Debug|Any CPU.ActiveCfg = Debug|Any CPU
		{9945A88E-D8D1-4519-90A7-9C2C8E934349}.Debug|Any CPU.Build.0 = Debug|Any CPU
		{9945A88E-D8D1-4519-90A7-9C2C8E934349}.Release|Any CPU.ActiveCfg = Release|Any CPU
		{9945A88E-D8D1-4519-90A7-9C2C8E934349}.Release|Any CPU.Build.0 = Release|Any CPU
		{15017F6F-5205-446C-BA09-5CAB2C499393}.Debug|Any CPU.ActiveCfg = Debug|Any CPU
		{15017F6F-5205-446C-BA09-5CAB2C499393}.Debug|Any CPU.Build.0 = Debug|Any CPU
		{15017F6F-5205-446C-BA09-5CAB2C499393}.Release|Any CPU.ActiveCfg = Release|Any CPU
		{15017F6F-5205-446C-BA09-5CAB2C499393}.Release|Any CPU.Build.0 = Release|Any CPU
	EndGlobalSection
	GlobalSection(SolutionProperties) = preSolution
		HideSolutionNode = FALSE
	EndGlobalSection
	GlobalSection(NestedProjects) = preSolution
		{157FE4E2-114B-4E29-BD84-56953A6EF448} = {D884A505-7362-40FF-A0BD-B0CAF69FA700}
		{BE3BD6D5-5271-4CFE-A23A-79F4B9F18D85} = {157FE4E2-114B-4E29-BD84-56953A6EF448}
		{66CB6487-7386-47A0-A7CE-29F67488A902} = {F5A67FA4-914D-4989-8D7B-C640AD38769A}
		{7C2922F3-0D5F-4C51-BF68-ED3624FA4E6F} = {8B6197A9-0351-4F6B-861C-698C48359816}
		{8DCB04BA-60C9-485F-9840-06CD03D88248} = {D884A505-7362-40FF-A0BD-B0CAF69FA700}
		{B7150F44-766F-4A21-9063-F4F1505ACFC6} = {8DCB04BA-60C9-485F-9840-06CD03D88248}
		{3F45DD88-94A7-4249-94F6-8CF504609E93} = {D0820EFF-4305-41DE-8753-9E3D1D855F3C}
		{D17806AE-E223-4461-9050-7A303CBEAE37} = {157FE4E2-114B-4E29-BD84-56953A6EF448}
		{DF20F3DE-FBEC-4A0F-BD42-A9FE95169600} = {D0820EFF-4305-41DE-8753-9E3D1D855F3C}
		{056D53BE-5076-4E4B-99F7-264DB32A430A} = {8DCB04BA-60C9-485F-9840-06CD03D88248}
		{309D06D5-F284-4044-9811-34469C449CD3} = {8DCB04BA-60C9-485F-9840-06CD03D88248}
		{CB07A142-3894-4675-9ECD-8AAD62A0EF5C} = {D884A505-7362-40FF-A0BD-B0CAF69FA700}
		{70CA51F7-803D-4CA5-BD65-D4FE76E85438} = {CB07A142-3894-4675-9ECD-8AAD62A0EF5C}
		{4E35DF57-8BA3-44A6-A3DC-F212D7A4D5BC} = {CB07A142-3894-4675-9ECD-8AAD62A0EF5C}
		{6A9BD6D1-5E39-458F-8228-ED900F50BCE2} = {D0820EFF-4305-41DE-8753-9E3D1D855F3C}
		{8B252842-8067-46E3-9DE7-C4A8B9ADA38A} = {D884A505-7362-40FF-A0BD-B0CAF69FA700}
		{CB54D7C0-6B75-4366-86D0-22DB1F62C694} = {D884A505-7362-40FF-A0BD-B0CAF69FA700}
		{35D26792-46A8-4911-B4A8-3E6AE7C0FEFB} = {CB54D7C0-6B75-4366-86D0-22DB1F62C694}
		{55C41007-6322-486E-887B-87F40E1912B8} = {CB54D7C0-6B75-4366-86D0-22DB1F62C694}
		{5E7CF1B8-7655-4E93-8155-BDDA19CCE095} = {8B252842-8067-46E3-9DE7-C4A8B9ADA38A}
		{350AD97F-31AC-4E05-BF46-323436D114EA} = {8B252842-8067-46E3-9DE7-C4A8B9ADA38A}
		{9945A88E-D8D1-4519-90A7-9C2C8E934349} = {8B252842-8067-46E3-9DE7-C4A8B9ADA38A}
		{15017F6F-5205-446C-BA09-5CAB2C499393} = {8B252842-8067-46E3-9DE7-C4A8B9ADA38A}
	EndGlobalSection
	GlobalSection(ExtensibilityGlobals) = postSolution
		SolutionGuid = {D604B7BB-D8CB-487C-BC78-15DCE3D337E8}
	EndGlobalSection
EndGlobal
