
Microsoft Visual Studio Solution File, Format Version 12.00
# Visual Studio Version 16
VisualStudioVersion = 16.0.30717.126
MinimumVisualStudioVersion = 10.0.40219.1
Project("{9A19103F-16F7-4668-BE54-9A1E7A4F7556}") = "DotaStat.Data.EntityFramework", "DotaStat.Data.EntityFramework.csproj", "{844717B8-909F-408C-B833-D7F323848854}"
EndProject
Project("{2150E333-8FDC-42A3-9474-1A3956D46DE8}") = "DAL", "DAL", "{DEF19E9B-5C6B-49DD-897A-7F8884BBB9AE}"
EndProject
Project("{9A19103F-16F7-4668-BE54-9A1E7A4F7556}") = "DB Repositories", "..\DB Repositories\DB Repositories.csproj", "{4B3BE5D7-4584-4ED6-981E-E105B3376242}"
EndProject
Project("{9A19103F-16F7-4668-BE54-9A1E7A4F7556}") = "DB UnitOfWork", "..\DB UnitOfWork\DB UnitOfWork.csproj", "{E3E081BF-2033-463C-B004-1F0CD24BE347}"
EndProject
Project("{2150E333-8FDC-42A3-9474-1A3956D46DE8}") = "BLL", "BLL", "{5EF5BAE5-CF19-42FD-B25D-9DAEFB81E33C}"
EndProject
Project("{9A19103F-16F7-4668-BE54-9A1E7A4F7556}") = "DotaStat.Business", "..\Services\DotaStat.Business.csproj", "{1855DBDD-674F-4A49-94C7-90E0D9ED2CA1}"
EndProject
Project("{2150E333-8FDC-42A3-9474-1A3956D46DE8}") = "Applications", "Applications", "{EBD43262-21A0-462D-A8C2-2577210EFDE7}"
EndProject
Project("{9A19103F-16F7-4668-BE54-9A1E7A4F7556}") = "WebApplication1", "..\WebApplication1\WebApplication1.csproj", "{B9696118-915D-40AA-B122-445BA1FF728F}"
EndProject
Project("{9A19103F-16F7-4668-BE54-9A1E7A4F7556}") = "WebApplication", "..\WebApplication\WebApplication.csproj", "{05874C04-E883-4F9F-BF9D-FA2FB98620E4}"
EndProject
Project("{2150E333-8FDC-42A3-9474-1A3956D46DE8}") = "DE", "DE", "{07F828D1-4D22-4564-A17C-A60BCBEFFCE6}"
EndProject
Project("{9A19103F-16F7-4668-BE54-9A1E7A4F7556}") = "DotaStat.DataExtractor", "..\DataExtractor\DotaStat.DataExtractor.csproj", "{6AFC1965-3928-4D67-968A-E810CA99A764}"
EndProject
Project("{9A19103F-16F7-4668-BE54-9A1E7A4F7556}") = "DotaStat.Business.Interfaces", "..\DotaStat.Business.DataExtractor\DotaStat.Business.Interfaces.csproj", "{5027CF0B-936B-4B0D-BF94-33618CF2D51C}"
EndProject
Project("{2150E333-8FDC-42A3-9474-1A3956D46DE8}") = "Common", "Common", "{636D0C37-4605-466E-8856-CE239C47958B}"
EndProject
Project("{2150E333-8FDC-42A3-9474-1A3956D46DE8}") = "DAL", "DAL", "{C108FA2C-4557-48E3-9DAC-067121461168}"
EndProject
Global
	GlobalSection(SolutionConfigurationPlatforms) = preSolution
		Debug|Any CPU = Debug|Any CPU
		Release|Any CPU = Release|Any CPU
	EndGlobalSection
	GlobalSection(ProjectConfigurationPlatforms) = postSolution
		{844717B8-909F-408C-B833-D7F323848854}.Debug|Any CPU.ActiveCfg = Debug|Any CPU
		{844717B8-909F-408C-B833-D7F323848854}.Debug|Any CPU.Build.0 = Debug|Any CPU
		{844717B8-909F-408C-B833-D7F323848854}.Release|Any CPU.ActiveCfg = Release|Any CPU
		{844717B8-909F-408C-B833-D7F323848854}.Release|Any CPU.Build.0 = Release|Any CPU
		{4B3BE5D7-4584-4ED6-981E-E105B3376242}.Debug|Any CPU.ActiveCfg = Debug|Any CPU
		{4B3BE5D7-4584-4ED6-981E-E105B3376242}.Debug|Any CPU.Build.0 = Debug|Any CPU
		{4B3BE5D7-4584-4ED6-981E-E105B3376242}.Release|Any CPU.ActiveCfg = Release|Any CPU
		{4B3BE5D7-4584-4ED6-981E-E105B3376242}.Release|Any CPU.Build.0 = Release|Any CPU
		{E3E081BF-2033-463C-B004-1F0CD24BE347}.Debug|Any CPU.ActiveCfg = Debug|Any CPU
		{E3E081BF-2033-463C-B004-1F0CD24BE347}.Debug|Any CPU.Build.0 = Debug|Any CPU
		{E3E081BF-2033-463C-B004-1F0CD24BE347}.Release|Any CPU.ActiveCfg = Release|Any CPU
		{E3E081BF-2033-463C-B004-1F0CD24BE347}.Release|Any CPU.Build.0 = Release|Any CPU
		{1855DBDD-674F-4A49-94C7-90E0D9ED2CA1}.Debug|Any CPU.ActiveCfg = Debug|Any CPU
		{1855DBDD-674F-4A49-94C7-90E0D9ED2CA1}.Debug|Any CPU.Build.0 = Debug|Any CPU
		{1855DBDD-674F-4A49-94C7-90E0D9ED2CA1}.Release|Any CPU.ActiveCfg = Release|Any CPU
		{1855DBDD-674F-4A49-94C7-90E0D9ED2CA1}.Release|Any CPU.Build.0 = Release|Any CPU
		{B9696118-915D-40AA-B122-445BA1FF728F}.Debug|Any CPU.ActiveCfg = Debug|Any CPU
		{B9696118-915D-40AA-B122-445BA1FF728F}.Debug|Any CPU.Build.0 = Debug|Any CPU
		{B9696118-915D-40AA-B122-445BA1FF728F}.Release|Any CPU.ActiveCfg = Release|Any CPU
		{B9696118-915D-40AA-B122-445BA1FF728F}.Release|Any CPU.Build.0 = Release|Any CPU
		{05874C04-E883-4F9F-BF9D-FA2FB98620E4}.Debug|Any CPU.ActiveCfg = Debug|Any CPU
		{05874C04-E883-4F9F-BF9D-FA2FB98620E4}.Debug|Any CPU.Build.0 = Debug|Any CPU
		{05874C04-E883-4F9F-BF9D-FA2FB98620E4}.Release|Any CPU.ActiveCfg = Release|Any CPU
		{05874C04-E883-4F9F-BF9D-FA2FB98620E4}.Release|Any CPU.Build.0 = Release|Any CPU
		{6AFC1965-3928-4D67-968A-E810CA99A764}.Debug|Any CPU.ActiveCfg = Debug|Any CPU
		{6AFC1965-3928-4D67-968A-E810CA99A764}.Debug|Any CPU.Build.0 = Debug|Any CPU
		{6AFC1965-3928-4D67-968A-E810CA99A764}.Release|Any CPU.ActiveCfg = Release|Any CPU
		{6AFC1965-3928-4D67-968A-E810CA99A764}.Release|Any CPU.Build.0 = Release|Any CPU
		{5027CF0B-936B-4B0D-BF94-33618CF2D51C}.Debug|Any CPU.ActiveCfg = Debug|Any CPU
		{5027CF0B-936B-4B0D-BF94-33618CF2D51C}.Debug|Any CPU.Build.0 = Debug|Any CPU
		{5027CF0B-936B-4B0D-BF94-33618CF2D51C}.Release|Any CPU.ActiveCfg = Release|Any CPU
		{5027CF0B-936B-4B0D-BF94-33618CF2D51C}.Release|Any CPU.Build.0 = Release|Any CPU
	EndGlobalSection
	GlobalSection(SolutionProperties) = preSolution
		HideSolutionNode = FALSE
	EndGlobalSection
	GlobalSection(NestedProjects) = preSolution
		{844717B8-909F-408C-B833-D7F323848854} = {DEF19E9B-5C6B-49DD-897A-7F8884BBB9AE}
		{4B3BE5D7-4584-4ED6-981E-E105B3376242} = {DEF19E9B-5C6B-49DD-897A-7F8884BBB9AE}
		{E3E081BF-2033-463C-B004-1F0CD24BE347} = {DEF19E9B-5C6B-49DD-897A-7F8884BBB9AE}
		{1855DBDD-674F-4A49-94C7-90E0D9ED2CA1} = {5EF5BAE5-CF19-42FD-B25D-9DAEFB81E33C}
		{B9696118-915D-40AA-B122-445BA1FF728F} = {EBD43262-21A0-462D-A8C2-2577210EFDE7}
		{05874C04-E883-4F9F-BF9D-FA2FB98620E4} = {EBD43262-21A0-462D-A8C2-2577210EFDE7}
		{6AFC1965-3928-4D67-968A-E810CA99A764} = {07F828D1-4D22-4564-A17C-A60BCBEFFCE6}
		{5027CF0B-936B-4B0D-BF94-33618CF2D51C} = {5EF5BAE5-CF19-42FD-B25D-9DAEFB81E33C}
		{C108FA2C-4557-48E3-9DAC-067121461168} = {636D0C37-4605-466E-8856-CE239C47958B}
	EndGlobalSection
	GlobalSection(ExtensibilityGlobals) = postSolution
		SolutionGuid = {9C5C8351-DF42-42A0-AA75-1B967A2A6EA4}
	EndGlobalSection
EndGlobal
