
Microsoft Visual Studio Solution File, Format Version 12.00
# Visual Studio Version 16
VisualStudioVersion = 16.0.30717.126
MinimumVisualStudioVersion = 10.0.40219.1
Project("{9A19103F-16F7-4668-BE54-9A1E7A4F7556}") = "DotaStat.Data.EntityFramework", "DotaStat.Data.EntityFramework.csproj", "{844717B8-909F-408C-B833-D7F323848854}"
EndProject
Project("{2150E333-8FDC-42A3-9474-1A3956D46DE8}") = "DAL", "DAL", "{DEF19E9B-5C6B-49DD-897A-7F8884BBB9AE}"
EndProject
Project("{2150E333-8FDC-42A3-9474-1A3956D46DE8}") = "BLL", "BLL", "{5EF5BAE5-CF19-42FD-B25D-9DAEFB81E33C}"
EndProject
Project("{2150E333-8FDC-42A3-9474-1A3956D46DE8}") = "Applications", "Applications", "{EBD43262-21A0-462D-A8C2-2577210EFDE7}"
EndProject
Project("{9A19103F-16F7-4668-BE54-9A1E7A4F7556}") = "WebApplication1", "..\WebApplication1\WebApplication1.csproj", "{B9696118-915D-40AA-B122-445BA1FF728F}"
EndProject
Project("{9A19103F-16F7-4668-BE54-9A1E7A4F7556}") = "WebApplication", "..\WebApplication\WebApplication.csproj", "{05874C04-E883-4F9F-BF9D-FA2FB98620E4}"
EndProject
Project("{2150E333-8FDC-42A3-9474-1A3956D46DE8}") = "DE", "DE", "{07F828D1-4D22-4564-A17C-A60BCBEFFCE6}"
EndProject
Project("{9A19103F-16F7-4668-BE54-9A1E7A4F7556}") = "DotaStat.Business", "..\DotaStat.Business\DotaStat.Business.csproj", "{9D2631DE-24BA-4288-AD8A-5F926956AC04}"
EndProject
Project("{9A19103F-16F7-4668-BE54-9A1E7A4F7556}") = "DotaStat.Business.Interfaces", "..\DotaStat.Business.Interfaces\DotaStat.Business.Interfaces.csproj", "{AB939133-80B7-4997-A077-2ECC8AEBC9BD}"
EndProject
Project("{9A19103F-16F7-4668-BE54-9A1E7A4F7556}") = "DotaStat.DataExtractor", "..\DotaStat.DataExtractor\DotaStat.DataExtractor.csproj", "{6F588FF5-3BFB-42C3-86FC-D2D57669D7F4}"
EndProject
Project("{9A19103F-16F7-4668-BE54-9A1E7A4F7556}") = "DotaStat.SteamPoweredApiProvider", "..\DotaStat.SteamPoweredApiProvider\DotaStat.SteamPoweredApiProvider.csproj", "{41A3F43A-717E-4340-A5E8-454B2C6AFFDA}"
EndProject
Global
	GlobalSection(SolutionConfigurationPlatforms) = preSolution
		Debug|Any CPU = Debug|Any CPU
		Release|Any CPU = Release|Any CPU
	EndGlobalSection
	GlobalSection(ProjectConfigurationPlatforms) = postSolution
		{844717B8-909F-408C-B833-D7F323848854}.Debug|Any CPU.ActiveCfg = Debug|Any CPU
		{844717B8-909F-408C-B833-D7F323848854}.Debug|Any CPU.Build.0 = Debug|Any CPU
		{844717B8-909F-408C-B833-D7F323848854}.Release|Any CPU.ActiveCfg = Release|Any CPU
		{844717B8-909F-408C-B833-D7F323848854}.Release|Any CPU.Build.0 = Release|Any CPU
		{B9696118-915D-40AA-B122-445BA1FF728F}.Debug|Any CPU.ActiveCfg = Debug|Any CPU
		{B9696118-915D-40AA-B122-445BA1FF728F}.Debug|Any CPU.Build.0 = Debug|Any CPU
		{B9696118-915D-40AA-B122-445BA1FF728F}.Release|Any CPU.ActiveCfg = Release|Any CPU
		{B9696118-915D-40AA-B122-445BA1FF728F}.Release|Any CPU.Build.0 = Release|Any CPU
		{05874C04-E883-4F9F-BF9D-FA2FB98620E4}.Debug|Any CPU.ActiveCfg = Debug|Any CPU
		{05874C04-E883-4F9F-BF9D-FA2FB98620E4}.Debug|Any CPU.Build.0 = Debug|Any CPU
		{05874C04-E883-4F9F-BF9D-FA2FB98620E4}.Release|Any CPU.ActiveCfg = Release|Any CPU
		{05874C04-E883-4F9F-BF9D-FA2FB98620E4}.Release|Any CPU.Build.0 = Release|Any CPU
		{9D2631DE-24BA-4288-AD8A-5F926956AC04}.Debug|Any CPU.ActiveCfg = Debug|Any CPU
		{9D2631DE-24BA-4288-AD8A-5F926956AC04}.Debug|Any CPU.Build.0 = Debug|Any CPU
		{9D2631DE-24BA-4288-AD8A-5F926956AC04}.Release|Any CPU.ActiveCfg = Release|Any CPU
		{9D2631DE-24BA-4288-AD8A-5F926956AC04}.Release|Any CPU.Build.0 = Release|Any CPU
		{AB939133-80B7-4997-A077-2ECC8AEBC9BD}.Debug|Any CPU.ActiveCfg = Debug|Any CPU
		{AB939133-80B7-4997-A077-2ECC8AEBC9BD}.Debug|Any CPU.Build.0 = Debug|Any CPU
		{AB939133-80B7-4997-A077-2ECC8AEBC9BD}.Release|Any CPU.ActiveCfg = Release|Any CPU
		{AB939133-80B7-4997-A077-2ECC8AEBC9BD}.Release|Any CPU.Build.0 = Release|Any CPU
		{6F588FF5-3BFB-42C3-86FC-D2D57669D7F4}.Debug|Any CPU.ActiveCfg = Debug|Any CPU
		{6F588FF5-3BFB-42C3-86FC-D2D57669D7F4}.Debug|Any CPU.Build.0 = Debug|Any CPU
		{6F588FF5-3BFB-42C3-86FC-D2D57669D7F4}.Release|Any CPU.ActiveCfg = Release|Any CPU
		{6F588FF5-3BFB-42C3-86FC-D2D57669D7F4}.Release|Any CPU.Build.0 = Release|Any CPU
		{41A3F43A-717E-4340-A5E8-454B2C6AFFDA}.Debug|Any CPU.ActiveCfg = Debug|Any CPU
		{41A3F43A-717E-4340-A5E8-454B2C6AFFDA}.Debug|Any CPU.Build.0 = Debug|Any CPU
		{41A3F43A-717E-4340-A5E8-454B2C6AFFDA}.Release|Any CPU.ActiveCfg = Release|Any CPU
		{41A3F43A-717E-4340-A5E8-454B2C6AFFDA}.Release|Any CPU.Build.0 = Release|Any CPU
	EndGlobalSection
	GlobalSection(SolutionProperties) = preSolution
		HideSolutionNode = FALSE
	EndGlobalSection
	GlobalSection(NestedProjects) = preSolution
		{844717B8-909F-408C-B833-D7F323848854} = {DEF19E9B-5C6B-49DD-897A-7F8884BBB9AE}
		{B9696118-915D-40AA-B122-445BA1FF728F} = {EBD43262-21A0-462D-A8C2-2577210EFDE7}
		{05874C04-E883-4F9F-BF9D-FA2FB98620E4} = {EBD43262-21A0-462D-A8C2-2577210EFDE7}
		{9D2631DE-24BA-4288-AD8A-5F926956AC04} = {5EF5BAE5-CF19-42FD-B25D-9DAEFB81E33C}
		{AB939133-80B7-4997-A077-2ECC8AEBC9BD} = {5EF5BAE5-CF19-42FD-B25D-9DAEFB81E33C}
		{6F588FF5-3BFB-42C3-86FC-D2D57669D7F4} = {07F828D1-4D22-4564-A17C-A60BCBEFFCE6}
		{41A3F43A-717E-4340-A5E8-454B2C6AFFDA} = {5EF5BAE5-CF19-42FD-B25D-9DAEFB81E33C}
	EndGlobalSection
	GlobalSection(ExtensibilityGlobals) = postSolution
		SolutionGuid = {9C5C8351-DF42-42A0-AA75-1B967A2A6EA4}
	EndGlobalSection
EndGlobal
